// !$*UTF8*$!
{
	archiveVersion = 1;
	classes = {
	};
	objectVersion = 56;
	objects = {

/* Begin PBXBuildFile section */
		427D81812B9F56B700E66ACE /* MemoryHeapAndStacksApp.swift in Sources */ = {isa = PBXBuildFile; fileRef = 427D81802B9F56B700E66ACE /* MemoryHeapAndStacksApp.swift */; };
		427D81832B9F56B700E66ACE /* ContentView.swift in Sources */ = {isa = PBXBuildFile; fileRef = 427D81822B9F56B700E66ACE /* ContentView.swift */; };
		427D81852B9F56B900E66ACE /* Assets.xcassets in Resources */ = {isa = PBXBuildFile; fileRef = 427D81842B9F56B900E66ACE /* Assets.xcassets */; };
		427D81882B9F56B900E66ACE /* Preview Assets.xcassets in Resources */ = {isa = PBXBuildFile; fileRef = 427D81872B9F56B900E66ACE /* Preview Assets.xcassets */; };
		427D81922B9F56B900E66ACE /* MemoryHeapAndStacksTests.swift in Sources */ = {isa = PBXBuildFile; fileRef = 427D81912B9F56B900E66ACE /* MemoryHeapAndStacksTests.swift */; };
		427D819C2B9F56B900E66ACE /* MemoryHeapAndStacksUITests.swift in Sources */ = {isa = PBXBuildFile; fileRef = 427D819B2B9F56B900E66ACE /* MemoryHeapAndStacksUITests.swift */; };
		427D819E2B9F56B900E66ACE /* MemoryHeapAndStacksUITestsLaunchTests.swift in Sources */ = {isa = PBXBuildFile; fileRef = 427D819D2B9F56B900E66ACE /* MemoryHeapAndStacksUITestsLaunchTests.swift */; };
		42B813822BA99D16006FEA45 /* AttachmentTests.swift in Sources */ = {isa = PBXBuildFile; fileRef = 42B813812BA99D16006FEA45 /* AttachmentTests.swift */; };
		BA7159E32BA8ED120021007C /* StructsWithClassProperties.swift in Sources */ = {isa = PBXBuildFile; fileRef = BA7159E22BA8ED120021007C /* StructsWithClassProperties.swift */; };
/* End PBXBuildFile section */

/* Begin PBXContainerItemProxy section */
		427D818E2B9F56B900E66ACE /* PBXContainerItemProxy */ = {
			isa = PBXContainerItemProxy;
			containerPortal = 427D81752B9F56B700E66ACE /* Project object */;
			proxyType = 1;
			remoteGlobalIDString = 427D817C2B9F56B700E66ACE;
			remoteInfo = MemoryHeapAndStacks;
		};
		427D81982B9F56B900E66ACE /* PBXContainerItemProxy */ = {
			isa = PBXContainerItemProxy;
			containerPortal = 427D81752B9F56B700E66ACE /* Project object */;
			proxyType = 1;
			remoteGlobalIDString = 427D817C2B9F56B700E66ACE;
			remoteInfo = MemoryHeapAndStacks;
		};
/* End PBXContainerItemProxy section */

/* Begin PBXFileReference section */
		427D817D2B9F56B700E66ACE /* MemoryHeapAndStacks.app */ = {isa = PBXFileReference; explicitFileType = wrapper.application; includeInIndex = 0; path = MemoryHeapAndStacks.app; sourceTree = BUILT_PRODUCTS_DIR; };
		427D81802B9F56B700E66ACE /* MemoryHeapAndStacksApp.swift */ = {isa = PBXFileReference; lastKnownFileType = sourcecode.swift; path = MemoryHeapAndStacksApp.swift; sourceTree = "<group>"; };
		427D81822B9F56B700E66ACE /* ContentView.swift */ = {isa = PBXFileReference; lastKnownFileType = sourcecode.swift; path = ContentView.swift; sourceTree = "<group>"; };
		427D81842B9F56B900E66ACE /* Assets.xcassets */ = {isa = PBXFileReference; lastKnownFileType = folder.assetcatalog; path = Assets.xcassets; sourceTree = "<group>"; };
		427D81872B9F56B900E66ACE /* Preview Assets.xcassets */ = {isa = PBXFileReference; lastKnownFileType = folder.assetcatalog; path = "Preview Assets.xcassets"; sourceTree = "<group>"; };
		427D818D2B9F56B900E66ACE /* MemoryHeapAndStacksTests.xctest */ = {isa = PBXFileReference; explicitFileType = wrapper.cfbundle; includeInIndex = 0; path = MemoryHeapAndStacksTests.xctest; sourceTree = BUILT_PRODUCTS_DIR; };
		427D81912B9F56B900E66ACE /* MemoryHeapAndStacksTests.swift */ = {isa = PBXFileReference; lastKnownFileType = sourcecode.swift; path = MemoryHeapAndStacksTests.swift; sourceTree = "<group>"; };
		427D81972B9F56B900E66ACE /* MemoryHeapAndStacksUITests.xctest */ = {isa = PBXFileReference; explicitFileType = wrapper.cfbundle; includeInIndex = 0; path = MemoryHeapAndStacksUITests.xctest; sourceTree = BUILT_PRODUCTS_DIR; };
		427D819B2B9F56B900E66ACE /* MemoryHeapAndStacksUITests.swift */ = {isa = PBXFileReference; lastKnownFileType = sourcecode.swift; path = MemoryHeapAndStacksUITests.swift; sourceTree = "<group>"; };
		427D819D2B9F56B900E66ACE /* MemoryHeapAndStacksUITestsLaunchTests.swift */ = {isa = PBXFileReference; lastKnownFileType = sourcecode.swift; path = MemoryHeapAndStacksUITestsLaunchTests.swift; sourceTree = "<group>"; };
		42B813812BA99D16006FEA45 /* AttachmentTests.swift */ = {isa = PBXFileReference; lastKnownFileType = sourcecode.swift; path = AttachmentTests.swift; sourceTree = "<group>"; };
		BA7159E22BA8ED120021007C /* StructsWithClassProperties.swift */ = {isa = PBXFileReference; lastKnownFileType = sourcecode.swift; path = StructsWithClassProperties.swift; sourceTree = "<group>"; };
/* End PBXFileReference section */

/* Begin PBXFrameworksBuildPhase section */
		427D817A2B9F56B700E66ACE /* Frameworks */ = {
			isa = PBXFrameworksBuildPhase;
			buildActionMask = 2147483647;
			files = (
			);
			runOnlyForDeploymentPostprocessing = 0;
		};
		427D818A2B9F56B900E66ACE /* Frameworks */ = {
			isa = PBXFrameworksBuildPhase;
			buildActionMask = 2147483647;
			files = (
			);
			runOnlyForDeploymentPostprocessing = 0;
		};
		427D81942B9F56B900E66ACE /* Frameworks */ = {
			isa = PBXFrameworksBuildPhase;
			buildActionMask = 2147483647;
			files = (
			);
			runOnlyForDeploymentPostprocessing = 0;
		};
/* End PBXFrameworksBuildPhase section */

/* Begin PBXGroup section */
		427D81742B9F56B700E66ACE = {
			isa = PBXGroup;
			children = (
				427D817F2B9F56B700E66ACE /* MemoryHeapAndStacks */,
				427D81902B9F56B900E66ACE /* MemoryHeapAndStacksTests */,
				427D819A2B9F56B900E66ACE /* MemoryHeapAndStacksUITests */,
				427D817E2B9F56B700E66ACE /* Products */,
			);
			sourceTree = "<group>";
		};
		427D817E2B9F56B700E66ACE /* Products */ = {
			isa = PBXGroup;
			children = (
				427D817D2B9F56B700E66ACE /* MemoryHeapAndStacks.app */,
				427D818D2B9F56B900E66ACE /* MemoryHeapAndStacksTests.xctest */,
				427D81972B9F56B900E66ACE /* MemoryHeapAndStacksUITests.xctest */,
			);
			name = Products;
			sourceTree = "<group>";
		};
		427D817F2B9F56B700E66ACE /* MemoryHeapAndStacks */ = {
			isa = PBXGroup;
			children = (
				427D81802B9F56B700E66ACE /* MemoryHeapAndStacksApp.swift */,
				427D81822B9F56B700E66ACE /* ContentView.swift */,
				427D81842B9F56B900E66ACE /* Assets.xcassets */,
				427D81862B9F56B900E66ACE /* Preview Content */,
			);
			path = MemoryHeapAndStacks;
			sourceTree = "<group>";
		};
		427D81862B9F56B900E66ACE /* Preview Content */ = {
			isa = PBXGroup;
			children = (
				427D81872B9F56B900E66ACE /* Preview Assets.xcassets */,
			);
			path = "Preview Content";
			sourceTree = "<group>";
		};
		427D81902B9F56B900E66ACE /* MemoryHeapAndStacksTests */ = {
			isa = PBXGroup;
			children = (
				427D81912B9F56B900E66ACE /* MemoryHeapAndStacksTests.swift */,
				BA7159E22BA8ED120021007C /* StructsWithClassProperties.swift */,
				42B813812BA99D16006FEA45 /* AttachmentTests.swift */,
			);
			path = MemoryHeapAndStacksTests;
			sourceTree = "<group>";
		};
		427D819A2B9F56B900E66ACE /* MemoryHeapAndStacksUITests */ = {
			isa = PBXGroup;
			children = (
				427D819B2B9F56B900E66ACE /* MemoryHeapAndStacksUITests.swift */,
				427D819D2B9F56B900E66ACE /* MemoryHeapAndStacksUITestsLaunchTests.swift */,
			);
			path = MemoryHeapAndStacksUITests;
			sourceTree = "<group>";
		};
/* End PBXGroup section */

/* Begin PBXNativeTarget section */
		427D817C2B9F56B700E66ACE /* MemoryHeapAndStacks */ = {
			isa = PBXNativeTarget;
			buildConfigurationList = 427D81A12B9F56B900E66ACE /* Build configuration list for PBXNativeTarget "MemoryHeapAndStacks" */;
			buildPhases = (
				427D81792B9F56B700E66ACE /* Sources */,
				427D817A2B9F56B700E66ACE /* Frameworks */,
				427D817B2B9F56B700E66ACE /* Resources */,
			);
			buildRules = (
			);
			dependencies = (
			);
			name = MemoryHeapAndStacks;
			productName = MemoryHeapAndStacks;
			productReference = 427D817D2B9F56B700E66ACE /* MemoryHeapAndStacks.app */;
			productType = "com.apple.product-type.application";
		};
		427D818C2B9F56B900E66ACE /* MemoryHeapAndStacksTests */ = {
			isa = PBXNativeTarget;
			buildConfigurationList = 427D81A42B9F56B900E66ACE /* Build configuration list for PBXNativeTarget "MemoryHeapAndStacksTests" */;
			buildPhases = (
				427D81892B9F56B900E66ACE /* Sources */,
				427D818A2B9F56B900E66ACE /* Frameworks */,
				427D818B2B9F56B900E66ACE /* Resources */,
			);
			buildRules = (
			);
			dependencies = (
				427D818F2B9F56B900E66ACE /* PBXTargetDependency */,
			);
			name = MemoryHeapAndStacksTests;
			productName = MemoryHeapAndStacksTests;
			productReference = 427D818D2B9F56B900E66ACE /* MemoryHeapAndStacksTests.xctest */;
			productType = "com.apple.product-type.bundle.unit-test";
		};
		427D81962B9F56B900E66ACE /* MemoryHeapAndStacksUITests */ = {
			isa = PBXNativeTarget;
			buildConfigurationList = 427D81A72B9F56B900E66ACE /* Build configuration list for PBXNativeTarget "MemoryHeapAndStacksUITests" */;
			buildPhases = (
				427D81932B9F56B900E66ACE /* Sources */,
				427D81942B9F56B900E66ACE /* Frameworks */,
				427D81952B9F56B900E66ACE /* Resources */,
			);
			buildRules = (
			);
			dependencies = (
				427D81992B9F56B900E66ACE /* PBXTargetDependency */,
			);
			name = MemoryHeapAndStacksUITests;
			productName = MemoryHeapAndStacksUITests;
			productReference = 427D81972B9F56B900E66ACE /* MemoryHeapAndStacksUITests.xctest */;
			productType = "com.apple.product-type.bundle.ui-testing";
		};
/* End PBXNativeTarget section */

/* Begin PBXProject section */
		427D81752B9F56B700E66ACE /* Project object */ = {
			isa = PBXProject;
			attributes = {
				BuildIndependentTargetsInParallel = 1;
				LastSwiftUpdateCheck = 1520;
				LastUpgradeCheck = 1520;
				TargetAttributes = {
					427D817C2B9F56B700E66ACE = {
						CreatedOnToolsVersion = 15.2;
					};
					427D818C2B9F56B900E66ACE = {
						CreatedOnToolsVersion = 15.2;
						TestTargetID = 427D817C2B9F56B700E66ACE;
					};
					427D81962B9F56B900E66ACE = {
						CreatedOnToolsVersion = 15.2;
						TestTargetID = 427D817C2B9F56B700E66ACE;
					};
				};
			};
			buildConfigurationList = 427D81782B9F56B700E66ACE /* Build configuration list for PBXProject "MemoryHeapAndStacks" */;
			compatibilityVersion = "Xcode 14.0";
			developmentRegion = en;
			hasScannedForEncodings = 0;
			knownRegions = (
				en,
				Base,
			);
			mainGroup = 427D81742B9F56B700E66ACE;
			productRefGroup = 427D817E2B9F56B700E66ACE /* Products */;
			projectDirPath = "";
			projectRoot = "";
			targets = (
				427D817C2B9F56B700E66ACE /* MemoryHeapAndStacks */,
				427D818C2B9F56B900E66ACE /* MemoryHeapAndStacksTests */,
				427D81962B9F56B900E66ACE /* MemoryHeapAndStacksUITests */,
			);
		};
/* End PBXProject section */

/* Begin PBXResourcesBuildPhase section */
		427D817B2B9F56B700E66ACE /* Resources */ = {
			isa = PBXResourcesBuildPhase;
			buildActionMask = 2147483647;
			files = (
				427D81882B9F56B900E66ACE /* Preview Assets.xcassets in Resources */,
				427D81852B9F56B900E66ACE /* Assets.xcassets in Resources */,
			);
			runOnlyForDeploymentPostprocessing = 0;
		};
		427D818B2B9F56B900E66ACE /* Resources */ = {
			isa = PBXResourcesBuildPhase;
			buildActionMask = 2147483647;
			files = (
			);
			runOnlyForDeploymentPostprocessing = 0;
		};
		427D81952B9F56B900E66ACE /* Resources */ = {
			isa = PBXResourcesBuildPhase;
			buildActionMask = 2147483647;
			files = (
			);
			runOnlyForDeploymentPostprocessing = 0;
		};
/* End PBXResourcesBuildPhase section */

/* Begin PBXSourcesBuildPhase section */
		427D81792B9F56B700E66ACE /* Sources */ = {
			isa = PBXSourcesBuildPhase;
			buildActionMask = 2147483647;
			files = (
				427D81832B9F56B700E66ACE /* ContentView.swift in Sources */,
				427D81812B9F56B700E66ACE /* MemoryHeapAndStacksApp.swift in Sources */,
			);
			runOnlyForDeploymentPostprocessing = 0;
		};
		427D81892B9F56B900E66ACE /* Sources */ = {
			isa = PBXSourcesBuildPhase;
			buildActionMask = 2147483647;
			files = (
				BA7159E32BA8ED120021007C /* StructsWithClassProperties.swift in Sources */,
				42B813822BA99D16006FEA45 /* AttachmentTests.swift in Sources */,
				427D81922B9F56B900E66ACE /* MemoryHeapAndStacksTests.swift in Sources */,
			);
			runOnlyForDeploymentPostprocessing = 0;
		};
		427D81932B9F56B900E66ACE /* Sources */ = {
			isa = PBXSourcesBuildPhase;
			buildActionMask = 2147483647;
			files = (
				427D819E2B9F56B900E66ACE /* MemoryHeapAndStacksUITestsLaunchTests.swift in Sources */,
				427D819C2B9F56B900E66ACE /* MemoryHeapAndStacksUITests.swift in Sources */,
			);
			runOnlyForDeploymentPostprocessing = 0;
		};
/* End PBXSourcesBuildPhase section */

/* Begin PBXTargetDependency section */
		427D818F2B9F56B900E66ACE /* PBXTargetDependency */ = {
			isa = PBXTargetDependency;
			target = 427D817C2B9F56B700E66ACE /* MemoryHeapAndStacks */;
			targetProxy = 427D818E2B9F56B900E66ACE /* PBXContainerItemProxy */;
		};
		427D81992B9F56B900E66ACE /* PBXTargetDependency */ = {
			isa = PBXTargetDependency;
			target = 427D817C2B9F56B700E66ACE /* MemoryHeapAndStacks */;
			targetProxy = 427D81982B9F56B900E66ACE /* PBXContainerItemProxy */;
		};
/* End PBXTargetDependency section */

/* Begin XCBuildConfiguration section */
		427D819F2B9F56B900E66ACE /* Debug */ = {
			isa = XCBuildConfiguration;
			buildSettings = {
				ALWAYS_SEARCH_USER_PATHS = NO;
				ASSETCATALOG_COMPILER_GENERATE_SWIFT_ASSET_SYMBOL_EXTENSIONS = YES;
				CLANG_ANALYZER_NONNULL = YES;
				CLANG_ANALYZER_NUMBER_OBJECT_CONVERSION = YES_AGGRESSIVE;
				CLANG_CXX_LANGUAGE_STANDARD = "gnu++20";
				CLANG_ENABLE_MODULES = YES;
				CLANG_ENABLE_OBJC_ARC = YES;
				CLANG_ENABLE_OBJC_WEAK = YES;
				CLANG_WARN_BLOCK_CAPTURE_AUTORELEASING = YES;
				CLANG_WARN_BOOL_CONVERSION = YES;
				CLANG_WARN_COMMA = YES;
				CLANG_WARN_CONSTANT_CONVERSION = YES;
				CLANG_WARN_DEPRECATED_OBJC_IMPLEMENTATIONS = YES;
				CLANG_WARN_DIRECT_OBJC_ISA_USAGE = YES_ERROR;
				CLANG_WARN_DOCUMENTATION_COMMENTS = YES;
				CLANG_WARN_EMPTY_BODY = YES;
				CLANG_WARN_ENUM_CONVERSION = YES;
				CLANG_WARN_INFINITE_RECURSION = YES;
				CLANG_WARN_INT_CONVERSION = YES;
				CLANG_WARN_NON_LITERAL_NULL_CONVERSION = YES;
				CLANG_WARN_OBJC_IMPLICIT_RETAIN_SELF = YES;
				CLANG_WARN_OBJC_LITERAL_CONVERSION = YES;
				CLANG_WARN_OBJC_ROOT_CLASS = YES_ERROR;
				CLANG_WARN_QUOTED_INCLUDE_IN_FRAMEWORK_HEADER = YES;
				CLANG_WARN_RANGE_LOOP_ANALYSIS = YES;
				CLANG_WARN_STRICT_PROTOTYPES = YES;
				CLANG_WARN_SUSPICIOUS_MOVE = YES;
				CLANG_WARN_UNGUARDED_AVAILABILITY = YES_AGGRESSIVE;
				CLANG_WARN_UNREACHABLE_CODE = YES;
				CLANG_WARN__DUPLICATE_METHOD_MATCH = YES;
				COPY_PHASE_STRIP = NO;
				DEBUG_INFORMATION_FORMAT = dwarf;
				ENABLE_STRICT_OBJC_MSGSEND = YES;
				ENABLE_TESTABILITY = YES;
				ENABLE_USER_SCRIPT_SANDBOXING = YES;
				GCC_C_LANGUAGE_STANDARD = gnu17;
				GCC_DYNAMIC_NO_PIC = NO;
				GCC_NO_COMMON_BLOCKS = YES;
				GCC_OPTIMIZATION_LEVEL = 0;
				GCC_PREPROCESSOR_DEFINITIONS = (
					"DEBUG=1",
					"$(inherited)",
				);
				GCC_WARN_64_TO_32_BIT_CONVERSION = YES;
				GCC_WARN_ABOUT_RETURN_TYPE = YES_ERROR;
				GCC_WARN_UNDECLARED_SELECTOR = YES;
				GCC_WARN_UNINITIALIZED_AUTOS = YES_AGGRESSIVE;
				GCC_WARN_UNUSED_FUNCTION = YES;
				GCC_WARN_UNUSED_VARIABLE = YES;
				IPHONEOS_DEPLOYMENT_TARGET = 17.2;
				LOCALIZATION_PREFERS_STRING_CATALOGS = YES;
				MTL_ENABLE_DEBUG_INFO = INCLUDE_SOURCE;
				MTL_FAST_MATH = YES;
				ONLY_ACTIVE_ARCH = YES;
				SDKROOT = iphoneos;
				SWIFT_ACTIVE_COMPILATION_CONDITIONS = "DEBUG $(inherited)";
				SWIFT_OPTIMIZATION_LEVEL = "-Onone";
			};
			name = Debug;
		};
		427D81A02B9F56B900E66ACE /* Release */ = {
			isa = XCBuildConfiguration;
			buildSettings = {
				ALWAYS_SEARCH_USER_PATHS = NO;
				ASSETCATALOG_COMPILER_GENERATE_SWIFT_ASSET_SYMBOL_EXTENSIONS = YES;
				CLANG_ANALYZER_NONNULL = YES;
				CLANG_ANALYZER_NUMBER_OBJECT_CONVERSION = YES_AGGRESSIVE;
				CLANG_CXX_LANGUAGE_STANDARD = "gnu++20";
				CLANG_ENABLE_MODULES = YES;
				CLANG_ENABLE_OBJC_ARC = YES;
				CLANG_ENABLE_OBJC_WEAK = YES;
				CLANG_WARN_BLOCK_CAPTURE_AUTORELEASING = YES;
				CLANG_WARN_BOOL_CONVERSION = YES;
				CLANG_WARN_COMMA = YES;
				CLANG_WARN_CONSTANT_CONVERSION = YES;
				CLANG_WARN_DEPRECATED_OBJC_IMPLEMENTATIONS = YES;
				CLANG_WARN_DIRECT_OBJC_ISA_USAGE = YES_ERROR;
				CLANG_WARN_DOCUMENTATION_COMMENTS = YES;
				CLANG_WARN_EMPTY_BODY = YES;
				CLANG_WARN_ENUM_CONVERSION = YES;
				CLANG_WARN_INFINITE_RECURSION = YES;
				CLANG_WARN_INT_CONVERSION = YES;
				CLANG_WARN_NON_LITERAL_NULL_CONVERSION = YES;
				CLANG_WARN_OBJC_IMPLICIT_RETAIN_SELF = YES;
				CLANG_WARN_OBJC_LITERAL_CONVERSION = YES;
				CLANG_WARN_OBJC_ROOT_CLASS = YES_ERROR;
				CLANG_WARN_QUOTED_INCLUDE_IN_FRAMEWORK_HEADER = YES;
				CLANG_WARN_RANGE_LOOP_ANALYSIS = YES;
				CLANG_WARN_STRICT_PROTOTYPES = YES;
				CLANG_WARN_SUSPICIOUS_MOVE = YES;
				CLANG_WARN_UNGUARDED_AVAILABILITY = YES_AGGRESSIVE;
				CLANG_WARN_UNREACHABLE_CODE = YES;
				CLANG_WARN__DUPLICATE_METHOD_MATCH = YES;
				COPY_PHASE_STRIP = NO;
				DEBUG_INFORMATION_FORMAT = "dwarf-with-dsym";
				ENABLE_NS_ASSERTIONS = NO;
				ENABLE_STRICT_OBJC_MSGSEND = YES;
				ENABLE_USER_SCRIPT_SANDBOXING = YES;
				GCC_C_LANGUAGE_STANDARD = gnu17;
				GCC_NO_COMMON_BLOCKS = YES;
				GCC_WARN_64_TO_32_BIT_CONVERSION = YES;
				GCC_WARN_ABOUT_RETURN_TYPE = YES_ERROR;
				GCC_WARN_UNDECLARED_SELECTOR = YES;
				GCC_WARN_UNINITIALIZED_AUTOS = YES_AGGRESSIVE;
				GCC_WARN_UNUSED_FUNCTION = YES;
				GCC_WARN_UNUSED_VARIABLE = YES;
				IPHONEOS_DEPLOYMENT_TARGET = 17.2;
				LOCALIZATION_PREFERS_STRING_CATALOGS = YES;
				MTL_ENABLE_DEBUG_INFO = NO;
				MTL_FAST_MATH = YES;
				SDKROOT = iphoneos;
				SWIFT_COMPILATION_MODE = wholemodule;
				VALIDATE_PRODUCT = YES;
			};
			name = Release;
		};
		427D81A22B9F56B900E66ACE /* Debug */ = {
			isa = XCBuildConfiguration;
			buildSettings = {
				ASSETCATALOG_COMPILER_APPICON_NAME = AppIcon;
				ASSETCATALOG_COMPILER_GLOBAL_ACCENT_COLOR_NAME = AccentColor;
				CODE_SIGN_STYLE = Automatic;
				CURRENT_PROJECT_VERSION = 1;
				DEVELOPMENT_ASSET_PATHS = "\"MemoryHeapAndStacks/Preview Content\"";
				DEVELOPMENT_TEAM = 348MZJ2SHN;
				ENABLE_PREVIEWS = YES;
				GENERATE_INFOPLIST_FILE = YES;
				INFOPLIST_KEY_UIApplicationSceneManifest_Generation = YES;
				INFOPLIST_KEY_UIApplicationSupportsIndirectInputEvents = YES;
				INFOPLIST_KEY_UILaunchScreen_Generation = YES;
				INFOPLIST_KEY_UISupportedInterfaceOrientations_iPad = "UIInterfaceOrientationPortrait UIInterfaceOrientationPortraitUpsideDown UIInterfaceOrientationLandscapeLeft UIInterfaceOrientationLandscapeRight";
				INFOPLIST_KEY_UISupportedInterfaceOrientations_iPhone = "UIInterfaceOrientationPortrait UIInterfaceOrientationLandscapeLeft UIInterfaceOrientationLandscapeRight";
				LD_RUNPATH_SEARCH_PATHS = (
					"$(inherited)",
					"@executable_path/Frameworks",
				);
				MARKETING_VERSION = 1.0;
				PRODUCT_BUNDLE_IDENTIFIER = es.osdev.MemoryHeapAndStacks;
				PRODUCT_NAME = "$(TARGET_NAME)";
				SWIFT_EMIT_LOC_STRINGS = YES;
				SWIFT_VERSION = 5.0;
				TARGETED_DEVICE_FAMILY = "1,2";
			};
			name = Debug;
		};
		427D81A32B9F56B900E66ACE /* Release */ = {
			isa = XCBuildConfiguration;
			buildSettings = {
				ASSETCATALOG_COMPILER_APPICON_NAME = AppIcon;
				ASSETCATALOG_COMPILER_GLOBAL_ACCENT_COLOR_NAME = AccentColor;
				CODE_SIGN_STYLE = Automatic;
				CURRENT_PROJECT_VERSION = 1;
				DEVELOPMENT_ASSET_PATHS = "\"MemoryHeapAndStacks/Preview Content\"";
				DEVELOPMENT_TEAM = 348MZJ2SHN;
				ENABLE_PREVIEWS = YES;
				GENERATE_INFOPLIST_FILE = YES;
				INFOPLIST_KEY_UIApplicationSceneManifest_Generation = YES;
				INFOPLIST_KEY_UIApplicationSupportsIndirectInputEvents = YES;
				INFOPLIST_KEY_UILaunchScreen_Generation = YES;
				INFOPLIST_KEY_UISupportedInterfaceOrientations_iPad = "UIInterfaceOrientationPortrait UIInterfaceOrientationPortraitUpsideDown UIInterfaceOrientationLandscapeLeft UIInterfaceOrientationLandscapeRight";
				INFOPLIST_KEY_UISupportedInterfaceOrientations_iPhone = "UIInterfaceOrientationPortrait UIInterfaceOrientationLandscapeLeft UIInterfaceOrientationLandscapeRight";
				LD_RUNPATH_SEARCH_PATHS = (
					"$(inherited)",
					"@executable_path/Frameworks",
				);
				MARKETING_VERSION = 1.0;
				PRODUCT_BUNDLE_IDENTIFIER = es.osdev.MemoryHeapAndStacks;
				PRODUCT_NAME = "$(TARGET_NAME)";
				SWIFT_EMIT_LOC_STRINGS = YES;
				SWIFT_VERSION = 5.0;
				TARGETED_DEVICE_FAMILY = "1,2";
			};
			name = Release;
		};
		427D81A52B9F56B900E66ACE /* Debug */ = {
			isa = XCBuildConfiguration;
			buildSettings = {
				ALWAYS_EMBED_SWIFT_STANDARD_LIBRARIES = YES;
				BUNDLE_LOADER = "$(TEST_HOST)";
				CODE_SIGN_STYLE = Automatic;
				CURRENT_PROJECT_VERSION = 1;
				DEVELOPMENT_TEAM = 9BARK4P949;
				GENERATE_INFOPLIST_FILE = YES;
				IPHONEOS_DEPLOYMENT_TARGET = 17.2;
				MARKETING_VERSION = 1.0;
				PRODUCT_BUNDLE_IDENTIFIER = sngular.ortiz.josemanuel.MemoryHeapAndStacksTests;
				PRODUCT_NAME = "$(TARGET_NAME)";
				SWIFT_EMIT_LOC_STRINGS = NO;
				SWIFT_VERSION = 5.0;
				TARGETED_DEVICE_FAMILY = "1,2";
				TEST_HOST = "$(BUILT_PRODUCTS_DIR)/MemoryHeapAndStacks.app/$(BUNDLE_EXECUTABLE_FOLDER_PATH)/MemoryHeapAndStacks";
			};
			name = Debug;
		};
		427D81A62B9F56B900E66ACE /* Release */ = {
			isa = XCBuildConfiguration;
			buildSettings = {
				ALWAYS_EMBED_SWIFT_STANDARD_LIBRARIES = YES;
				BUNDLE_LOADER = "$(TEST_HOST)";
				CODE_SIGN_STYLE = Automatic;
				CURRENT_PROJECT_VERSION = 1;
				DEVELOPMENT_TEAM = 9BARK4P949;
				GENERATE_INFOPLIST_FILE = YES;
				IPHONEOS_DEPLOYMENT_TARGET = 17.2;
				MARKETING_VERSION = 1.0;
				PRODUCT_BUNDLE_IDENTIFIER = sngular.ortiz.josemanuel.MemoryHeapAndStacksTests;
				PRODUCT_NAME = "$(TARGET_NAME)";
				SWIFT_EMIT_LOC_STRINGS = NO;
				SWIFT_VERSION = 5.0;
				TARGETED_DEVICE_FAMILY = "1,2";
				TEST_HOST = "$(BUILT_PRODUCTS_DIR)/MemoryHeapAndStacks.app/$(BUNDLE_EXECUTABLE_FOLDER_PATH)/MemoryHeapAndStacks";
			};
			name = Release;
		};
		427D81A82B9F56B900E66ACE /* Debug */ = {
			isa = XCBuildConfiguration;
			buildSettings = {
				ALWAYS_EMBED_SWIFT_STANDARD_LIBRARIES = YES;
				CODE_SIGN_STYLE = Automatic;
				CURRENT_PROJECT_VERSION = 1;
				DEVELOPMENT_TEAM = 9BARK4P949;
				GENERATE_INFOPLIST_FILE = YES;
				MARKETING_VERSION = 1.0;
				PRODUCT_BUNDLE_IDENTIFIER = sngular.ortiz.josemanuel.MemoryHeapAndStacksUITests;
				PRODUCT_NAME = "$(TARGET_NAME)";
				SWIFT_EMIT_LOC_STRINGS = NO;
				SWIFT_VERSION = 5.0;
				TARGETED_DEVICE_FAMILY = "1,2";
				TEST_TARGET_NAME = MemoryHeapAndStacks;
			};
			name = Debug;
		};
		427D81A92B9F56B900E66ACE /* Release */ = {
			isa = XCBuildConfiguration;
			buildSettings = {
				ALWAYS_EMBED_SWIFT_STANDARD_LIBRARIES = YES;
				CODE_SIGN_STYLE = Automatic;
				CURRENT_PROJECT_VERSION = 1;
				DEVELOPMENT_TEAM = 9BARK4P949;
				GENERATE_INFOPLIST_FILE = YES;
				MARKETING_VERSION = 1.0;
				PRODUCT_BUNDLE_IDENTIFIER = sngular.ortiz.josemanuel.MemoryHeapAndStacksUITests;
				PRODUCT_NAME = "$(TARGET_NAME)";
				SWIFT_EMIT_LOC_STRINGS = NO;
				SWIFT_VERSION = 5.0;
				TARGETED_DEVICE_FAMILY = "1,2";
				TEST_TARGET_NAME = MemoryHeapAndStacks;
			};
			name = Release;
		};
/* End XCBuildConfiguration section */

/* Begin XCConfigurationList section */
		427D81782B9F56B700E66ACE /* Build configuration list for PBXProject "MemoryHeapAndStacks" */ = {
			isa = XCConfigurationList;
			buildConfigurations = (
				427D819F2B9F56B900E66ACE /* Debug */,
				427D81A02B9F56B900E66ACE /* Release */,
			);
			defaultConfigurationIsVisible = 0;
			defaultConfigurationName = Release;
		};
		427D81A12B9F56B900E66ACE /* Build configuration list for PBXNativeTarget "MemoryHeapAndStacks" */ = {
			isa = XCConfigurationList;
			buildConfigurations = (
				427D81A22B9F56B900E66ACE /* Debug */,
				427D81A32B9F56B900E66ACE /* Release */,
			);
			defaultConfigurationIsVisible = 0;
			defaultConfigurationName = Release;
		};
		427D81A42B9F56B900E66ACE /* Build configuration list for PBXNativeTarget "MemoryHeapAndStacksTests" */ = {
			isa = XCConfigurationList;
			buildConfigurations = (
				427D81A52B9F56B900E66ACE /* Debug */,
				427D81A62B9F56B900E66ACE /* Release */,
			);
			defaultConfigurationIsVisible = 0;
			defaultConfigurationName = Release;
		};
		427D81A72B9F56B900E66ACE /* Build configuration list for PBXNativeTarget "MemoryHeapAndStacksUITests" */ = {
			isa = XCConfigurationList;
			buildConfigurations = (
				427D81A82B9F56B900E66ACE /* Debug */,
				427D81A92B9F56B900E66ACE /* Release */,
			);
			defaultConfigurationIsVisible = 0;
			defaultConfigurationName = Release;
		};
/* End XCConfigurationList section */
	};
	rootObject = 427D81752B9F56B700E66ACE /* Project object */;
}
